PODS:
  - Crashlytics (3.13.1):
    - Fabric (~> 1.10.1)
  - Fabric (1.10.1)
  - Masonry (1.1.0)
  - PLMediaStreamingKit (3.0.6):
    - PLMediaStreamingKit/iphoneos (= 3.0.6)
  - PLMediaStreamingKit/iphoneos (3.0.6)

DEPENDENCIES:
  - Crashlytics
  - Fabric
  - Masonry
  - PLMediaStreamingKit (from `../`)

SPEC REPOS:
  https://github.com/CocoaPods/Specs.git:
    - Crashlytics
    - Fabric
    - Masonry

EXTERNAL SOURCES:
  PLMediaStreamingKit:
    :path: "../"

SPEC CHECKSUMS:
  Crashlytics: 666da4380b70d38c80426754fa9d5dfca0e5fd43
  Fabric: 58508b243fa6053c03bd04b9e0ada772f317d5b4
  Masonry: 678fab65091a9290e40e2832a55e7ab731aad201
  PLMediaStreamingKit: f0aaeca813ca60be64636dadc39545d0d42f1dc0

PODFILE CHECKSUM: 01b839d9eedb8dc4ae7438d2253f169c3d8deb5b

COCOAPODS: 1.10.1
